
Microsoft Visual Studio Solution File, Format Version 12.00
# Visual Studio Version 17
VisualStudioVersion = 17.14.36327.8
MinimumVisualStudioVersion = 10.0.40219.1
Project("{2150E333-8FDC-42A3-9474-1A3956D46DE8}") = "Domain", "Domain", "{02EA681E-C7D8-13C7-8484-4AC65E1B71E8}"
EndProject
Project("{2150E333-8FDC-42A3-9474-1A3956D46DE8}") = "Infra.Bus", "Infra.Bus", "{22097CF9-4EA3-4898-96D2-CA5B83186BD5}"
EndProject
Project("{2150E333-8FDC-42A3-9474-1A3956D46DE8}") = "Infra.IoC", "Infra.IoC", "{AC9055B2-E101-4C95-B8A3-B7D0649D5B3F}"
EndProject
Project("{2150E333-8FDC-42A3-9474-1A3956D46DE8}") = "Microservices", "Microservices", "{FB38F9F7-4113-4622-BE67-20CD62DA7809}"
EndProject
Project("{2150E333-8FDC-42A3-9474-1A3956D46DE8}") = "Presentation", "Presentation", "{05529D10-520B-435C-ADF5-3AD0190EA022}"
EndProject
Project("{FAE04EC0-301F-11D3-BF4B-00C04F79EFBC}") = "MicroRabbit.Domain.Core", "MicroRabbit.Domain.Core\MicroRabbit.Domain.Core.csproj", "{13AF76AA-71A1-42A8-95AF-AB7A6B6325B4}"
EndProject
Project("{FAE04EC0-301F-11D3-BF4B-00C04F79EFBC}") = "MicroRabbit.Infra.Bus", "MicroRabbit.Infra.Bus\MicroRabbit.Infra.Bus.csproj", "{6447A648-65E4-40E4-862C-812CA626D774}"
EndProject
Project("{FAE04EC0-301F-11D3-BF4B-00C04F79EFBC}") = "MicroRabbit.IoC", "MicroRabbit.IoC\MicroRabbit.IoC.csproj", "{A73CF1F9-A6DC-4557-867E-9174C27EC374}"
EndProject
Project("{2150E333-8FDC-42A3-9474-1A3956D46DE8}") = "Banking", "Banking", "{9FA862D4-9B81-4147-8FC6-8AED8448E697}"
EndProject
Project("{2150E333-8FDC-42A3-9474-1A3956D46DE8}") = "Api", "Api", "{3717109C-948F-47F4-9957-7584093FA120}"
EndProject
Project("{2150E333-8FDC-42A3-9474-1A3956D46DE8}") = "Domain", "Domain", "{0FE6C4DB-D8B6-48FE-8F09-231A02744DF4}"
EndProject
Project("{2150E333-8FDC-42A3-9474-1A3956D46DE8}") = "Application", "Application", "{454F73AA-2662-4711-B1DB-75FF7D52D69A}"
EndProject
Project("{2150E333-8FDC-42A3-9474-1A3956D46DE8}") = "Data", "Data", "{89648CC4-3FA0-4879-90CA-3BC2C3CA6657}"
EndProject
Project("{FAE04EC0-301F-11D3-BF4B-00C04F79EFBC}") = "MicroRabbit.Banking.Application", "MicroRabbit.Banking.Application\MicroRabbit.Banking.Application.csproj", "{C30205AE-367C-45B8-9573-09EB3555533D}"
EndProject
Project("{FAE04EC0-301F-11D3-BF4B-00C04F79EFBC}") = "MicroRabbit.Banking.Data", "MicroRabbit.Banking.Data\MicroRabbit.Banking.Data.csproj", "{54CFE405-A745-431B-9DD8-B57259131FAE}"
EndProject
Project("{FAE04EC0-301F-11D3-BF4B-00C04F79EFBC}") = "MicroRabbit.Banking.Domain", "MicroRabbit.Banking.Domain\MicroRabbit.Banking.Domain.csproj", "{93F4BCFA-ADBE-4F37-87EA-7392BFB9DA6B}"
EndProject
Project("{FAE04EC0-301F-11D3-BF4B-00C04F79EFBC}") = "MicroRabbit.Banking.Api", "MicroRabbit.Banking.Api\MicroRabbit.Banking.Api.csproj", "{15AFB8A5-E8AC-4D37-805A-8E1C00688A66}"
EndProject
Global
	GlobalSection(SolutionConfigurationPlatforms) = preSolution
		Debug|Any CPU = Debug|Any CPU
		Release|Any CPU = Release|Any CPU
	EndGlobalSection
	GlobalSection(ProjectConfigurationPlatforms) = postSolution
		{13AF76AA-71A1-42A8-95AF-AB7A6B6325B4}.Debug|Any CPU.ActiveCfg = Debug|Any CPU
		{13AF76AA-71A1-42A8-95AF-AB7A6B6325B4}.Debug|Any CPU.Build.0 = Debug|Any CPU
		{13AF76AA-71A1-42A8-95AF-AB7A6B6325B4}.Release|Any CPU.ActiveCfg = Release|Any CPU
		{13AF76AA-71A1-42A8-95AF-AB7A6B6325B4}.Release|Any CPU.Build.0 = Release|Any CPU
		{6447A648-65E4-40E4-862C-812CA626D774}.Debug|Any CPU.ActiveCfg = Debug|Any CPU
		{6447A648-65E4-40E4-862C-812CA626D774}.Debug|Any CPU.Build.0 = Debug|Any CPU
		{6447A648-65E4-40E4-862C-812CA626D774}.Release|Any CPU.ActiveCfg = Release|Any CPU
		{6447A648-65E4-40E4-862C-812CA626D774}.Release|Any CPU.Build.0 = Release|Any CPU
		{A73CF1F9-A6DC-4557-867E-9174C27EC374}.Debug|Any CPU.ActiveCfg = Debug|Any CPU
		{A73CF1F9-A6DC-4557-867E-9174C27EC374}.Debug|Any CPU.Build.0 = Debug|Any CPU
		{A73CF1F9-A6DC-4557-867E-9174C27EC374}.Release|Any CPU.ActiveCfg = Release|Any CPU
		{A73CF1F9-A6DC-4557-867E-9174C27EC374}.Release|Any CPU.Build.0 = Release|Any CPU
		{C30205AE-367C-45B8-9573-09EB3555533D}.Debug|Any CPU.ActiveCfg = Debug|Any CPU
		{C30205AE-367C-45B8-9573-09EB3555533D}.Debug|Any CPU.Build.0 = Debug|Any CPU
		{C30205AE-367C-45B8-9573-09EB3555533D}.Release|Any CPU.ActiveCfg = Release|Any CPU
		{C30205AE-367C-45B8-9573-09EB3555533D}.Release|Any CPU.Build.0 = Release|Any CPU
		{54CFE405-A745-431B-9DD8-B57259131FAE}.Debug|Any CPU.ActiveCfg = Debug|Any CPU
		{54CFE405-A745-431B-9DD8-B57259131FAE}.Debug|Any CPU.Build.0 = Debug|Any CPU
		{54CFE405-A745-431B-9DD8-B57259131FAE}.Release|Any CPU.ActiveCfg = Release|Any CPU
		{54CFE405-A745-431B-9DD8-B57259131FAE}.Release|Any CPU.Build.0 = Release|Any CPU
		{93F4BCFA-ADBE-4F37-87EA-7392BFB9DA6B}.Debug|Any CPU.ActiveCfg = Debug|Any CPU
		{93F4BCFA-ADBE-4F37-87EA-7392BFB9DA6B}.Debug|Any CPU.Build.0 = Debug|Any CPU
		{93F4BCFA-ADBE-4F37-87EA-7392BFB9DA6B}.Release|Any CPU.ActiveCfg = Release|Any CPU
		{93F4BCFA-ADBE-4F37-87EA-7392BFB9DA6B}.Release|Any CPU.Build.0 = Release|Any CPU
		{15AFB8A5-E8AC-4D37-805A-8E1C00688A66}.Debug|Any CPU.ActiveCfg = Debug|Any CPU
		{15AFB8A5-E8AC-4D37-805A-8E1C00688A66}.Debug|Any CPU.Build.0 = Debug|Any CPU
		{15AFB8A5-E8AC-4D37-805A-8E1C00688A66}.Release|Any CPU.ActiveCfg = Release|Any CPU
		{15AFB8A5-E8AC-4D37-805A-8E1C00688A66}.Release|Any CPU.Build.0 = Release|Any CPU
	EndGlobalSection
	GlobalSection(SolutionProperties) = preSolution
		HideSolutionNode = FALSE
	EndGlobalSection
	GlobalSection(NestedProjects) = preSolution
		{13AF76AA-71A1-42A8-95AF-AB7A6B6325B4} = {02EA681E-C7D8-13C7-8484-4AC65E1B71E8}
		{6447A648-65E4-40E4-862C-812CA626D774} = {22097CF9-4EA3-4898-96D2-CA5B83186BD5}
		{A73CF1F9-A6DC-4557-867E-9174C27EC374} = {AC9055B2-E101-4C95-B8A3-B7D0649D5B3F}
		{9FA862D4-9B81-4147-8FC6-8AED8448E697} = {FB38F9F7-4113-4622-BE67-20CD62DA7809}
		{3717109C-948F-47F4-9957-7584093FA120} = {9FA862D4-9B81-4147-8FC6-8AED8448E697}
		{0FE6C4DB-D8B6-48FE-8F09-231A02744DF4} = {9FA862D4-9B81-4147-8FC6-8AED8448E697}
		{454F73AA-2662-4711-B1DB-75FF7D52D69A} = {9FA862D4-9B81-4147-8FC6-8AED8448E697}
		{89648CC4-3FA0-4879-90CA-3BC2C3CA6657} = {9FA862D4-9B81-4147-8FC6-8AED8448E697}
		{C30205AE-367C-45B8-9573-09EB3555533D} = {454F73AA-2662-4711-B1DB-75FF7D52D69A}
		{54CFE405-A745-431B-9DD8-B57259131FAE} = {89648CC4-3FA0-4879-90CA-3BC2C3CA6657}
		{93F4BCFA-ADBE-4F37-87EA-7392BFB9DA6B} = {0FE6C4DB-D8B6-48FE-8F09-231A02744DF4}
		{15AFB8A5-E8AC-4D37-805A-8E1C00688A66} = {3717109C-948F-47F4-9957-7584093FA120}
	EndGlobalSection
	GlobalSection(ExtensibilityGlobals) = postSolution
		SolutionGuid = {2064FB0C-A796-4338-9029-3B5308EC40AF}
	EndGlobalSection
EndGlobal
